
Microsoft Visual Studio Solution File, Format Version 12.00
# Visual Studio Version 17
VisualStudioVersion = 17.2.32616.157
MinimumVisualStudioVersion = 10.0.40219.1
Project("{FAE04EC0-301F-11D3-BF4B-00C04F79EFBC}") = "Eesti Keel", "Eesti Keel\Eesti Keel.csproj", "{BAB47A7A-AC05-4793-BA70-A86E7FD5A0E3}"
EndProject
Global
	GlobalSection(SolutionConfigurationPlatforms) = preSolution
		Debug|Any CPU = Debug|Any CPU
		Release|Any CPU = Release|Any CPU
	EndGlobalSection
	GlobalSection(ProjectConfigurationPlatforms) = postSolution
		{BAB47A7A-AC05-4793-BA70-A86E7FD5A0E3}.Debug|Any CPU.ActiveCfg = Debug|Any CPU
		{BAB47A7A-AC05-4793-BA70-A86E7FD5A0E3}.Debug|Any CPU.Build.0 = Debug|Any CPU
		{BAB47A7A-AC05-4793-BA70-A86E7FD5A0E3}.Release|Any CPU.ActiveCfg = Release|Any CPU
		{BAB47A7A-AC05-4793-BA70-A86E7FD5A0E3}.Release|Any CPU.Build.0 = Release|Any CPU
	EndGlobalSection
	GlobalSection(SolutionProperties) = preSolution
		HideSolutionNode = FALSE
	EndGlobalSection
	GlobalSection(ExtensibilityGlobals) = postSolution
		SolutionGuid = {2D5B4CFC-7095-485D-B155-442A5A4B2000}
	EndGlobalSection
EndGlobal
